
Microsoft Visual Studio Solution File, Format Version 12.00
# Visual Studio Version 17
VisualStudioVersion = 17.0.31903.59
MinimumVisualStudioVersion = 10.0.40219.1
Project("{FAE04EC0-301F-11D3-BF4B-00C04F79EFBC}") = "USCISFormTracker.Core", "USCISFormTracker.Core\USCISFormTracker.Core.csproj", "{C1FB91F5-0BFE-48EC-A2C1-A2941BBACC4A}"
EndProject
Project("{FAE04EC0-301F-11D3-BF4B-00C04F79EFBC}") = "USCISFormTracker.ConsoleApp", "USCISFormTracker.ConsoleApp\USCISFormTracker.ConsoleApp.csproj", "{9CA18B5D-3EBF-49BB-A3EC-6C0C8CC465D9}"
EndProject
Project("{FAE04EC0-301F-11D3-BF4B-00C04F79EFBC}") = "USCISFormTracker.Tests", "USCISFormTracker.Tests\USCISFormTracker.Tests.csproj", "{E4364DE3-4225-4ECD-AD0B-8223DE9368A2}"
EndProject
Project("{FAE04EC0-301F-11D3-BF4B-00C04F79EFBC}") = "USCISFormTracker.Emailer", "USCISFormTracker.Emailer\USCISFormTracker.Emailer.csproj", "{E4DDF47E-5F3B-4623-8F2B-EA1CD788A9BE}"
EndProject
Project("{FAE04EC0-301F-11D3-BF4B-00C04F79EFBC}") = "USCISFormTracker.Dto", "USCISFormTracker.Dto\USCISFormTracker.Dto.csproj", "{3D73AF55-642E-451F-AFAE-D87C54D22D0A}"
EndProject
Project("{FAE04EC0-301F-11D3-BF4B-00C04F79EFBC}") = "USCISFormTracker.Api", "USCISFormTracker.Api\USCISFormTracker.Api.csproj", "{71EC2990-9E4E-4496-9B29-BEB739515DE2}"
EndProject
Project("{FAE04EC0-301F-11D3-BF4B-00C04F79EFBC}") = "USCISFormTracker.Processor", "USCISFormTracker.Processor\USCISFormTracker.Processor.csproj", "{8B4A02BA-5177-4855-945D-E6311FD40811}"
EndProject
Global
	GlobalSection(SolutionConfigurationPlatforms) = preSolution
		Debug|Any CPU = Debug|Any CPU
		Release|Any CPU = Release|Any CPU
	EndGlobalSection
	GlobalSection(SolutionProperties) = preSolution
		HideSolutionNode = FALSE
	EndGlobalSection
	GlobalSection(ProjectConfigurationPlatforms) = postSolution
		{C1FB91F5-0BFE-48EC-A2C1-A2941BBACC4A}.Debug|Any CPU.ActiveCfg = Debug|Any CPU
		{C1FB91F5-0BFE-48EC-A2C1-A2941BBACC4A}.Debug|Any CPU.Build.0 = Debug|Any CPU
		{C1FB91F5-0BFE-48EC-A2C1-A2941BBACC4A}.Release|Any CPU.ActiveCfg = Release|Any CPU
		{C1FB91F5-0BFE-48EC-A2C1-A2941BBACC4A}.Release|Any CPU.Build.0 = Release|Any CPU
		{9CA18B5D-3EBF-49BB-A3EC-6C0C8CC465D9}.Debug|Any CPU.ActiveCfg = Debug|Any CPU
		{9CA18B5D-3EBF-49BB-A3EC-6C0C8CC465D9}.Debug|Any CPU.Build.0 = Debug|Any CPU
		{9CA18B5D-3EBF-49BB-A3EC-6C0C8CC465D9}.Release|Any CPU.ActiveCfg = Release|Any CPU
		{9CA18B5D-3EBF-49BB-A3EC-6C0C8CC465D9}.Release|Any CPU.Build.0 = Release|Any CPU
		{E4364DE3-4225-4ECD-AD0B-8223DE9368A2}.Debug|Any CPU.ActiveCfg = Debug|Any CPU
		{E4364DE3-4225-4ECD-AD0B-8223DE9368A2}.Debug|Any CPU.Build.0 = Debug|Any CPU
		{E4364DE3-4225-4ECD-AD0B-8223DE9368A2}.Release|Any CPU.ActiveCfg = Release|Any CPU
		{E4364DE3-4225-4ECD-AD0B-8223DE9368A2}.Release|Any CPU.Build.0 = Release|Any CPU
		{E4DDF47E-5F3B-4623-8F2B-EA1CD788A9BE}.Debug|Any CPU.ActiveCfg = Debug|Any CPU
		{E4DDF47E-5F3B-4623-8F2B-EA1CD788A9BE}.Debug|Any CPU.Build.0 = Debug|Any CPU
		{E4DDF47E-5F3B-4623-8F2B-EA1CD788A9BE}.Release|Any CPU.ActiveCfg = Release|Any CPU
		{E4DDF47E-5F3B-4623-8F2B-EA1CD788A9BE}.Release|Any CPU.Build.0 = Release|Any CPU
		{3D73AF55-642E-451F-AFAE-D87C54D22D0A}.Debug|Any CPU.ActiveCfg = Debug|Any CPU
		{3D73AF55-642E-451F-AFAE-D87C54D22D0A}.Debug|Any CPU.Build.0 = Debug|Any CPU
		{3D73AF55-642E-451F-AFAE-D87C54D22D0A}.Release|Any CPU.ActiveCfg = Release|Any CPU
		{3D73AF55-642E-451F-AFAE-D87C54D22D0A}.Release|Any CPU.Build.0 = Release|Any CPU
		{71EC2990-9E4E-4496-9B29-BEB739515DE2}.Debug|Any CPU.ActiveCfg = Debug|Any CPU
		{71EC2990-9E4E-4496-9B29-BEB739515DE2}.Debug|Any CPU.Build.0 = Debug|Any CPU
		{71EC2990-9E4E-4496-9B29-BEB739515DE2}.Release|Any CPU.ActiveCfg = Release|Any CPU
		{71EC2990-9E4E-4496-9B29-BEB739515DE2}.Release|Any CPU.Build.0 = Release|Any CPU
		{8B4A02BA-5177-4855-945D-E6311FD40811}.Debug|Any CPU.ActiveCfg = Debug|Any CPU
		{8B4A02BA-5177-4855-945D-E6311FD40811}.Debug|Any CPU.Build.0 = Debug|Any CPU
		{8B4A02BA-5177-4855-945D-E6311FD40811}.Release|Any CPU.ActiveCfg = Release|Any CPU
		{8B4A02BA-5177-4855-945D-E6311FD40811}.Release|Any CPU.Build.0 = Release|Any CPU
	EndGlobalSection
EndGlobal
