
Microsoft Visual Studio Solution File, Format Version 12.00
# Visual Studio Version 17
VisualStudioVersion = 17.0.31903.59
MinimumVisualStudioVersion = 10.0.40219.1
Project("{FAE04EC0-301F-11D3-BF4B-00C04F79EFBC}") = "USCISFormTracker.Core", "USCISFormTracker.Core\USCISFormTracker.Core.csproj", "{C1FB91F5-0BFE-48EC-A2C1-A2941BBACC4A}"
EndProject
Project("{FAE04EC0-301F-11D3-BF4B-00C04F79EFBC}") = "USCISFormTracker.ConsoleApp", "USCISFormTracker.ConsoleApp\USCISFormTracker.ConsoleApp.csproj", "{9CA18B5D-3EBF-49BB-A3EC-6C0C8CC465D9}"
EndProject
Global
	GlobalSection(SolutionConfigurationPlatforms) = preSolution
		Debug|Any CPU = Debug|Any CPU
		Release|Any CPU = Release|Any CPU
	EndGlobalSection
	GlobalSection(SolutionProperties) = preSolution
		HideSolutionNode = FALSE
	EndGlobalSection
	GlobalSection(ProjectConfigurationPlatforms) = postSolution
		{C1FB91F5-0BFE-48EC-A2C1-A2941BBACC4A}.Debug|Any CPU.ActiveCfg = Debug|Any CPU
		{C1FB91F5-0BFE-48EC-A2C1-A2941BBACC4A}.Debug|Any CPU.Build.0 = Debug|Any CPU
		{C1FB91F5-0BFE-48EC-A2C1-A2941BBACC4A}.Release|Any CPU.ActiveCfg = Release|Any CPU
		{C1FB91F5-0BFE-48EC-A2C1-A2941BBACC4A}.Release|Any CPU.Build.0 = Release|Any CPU
		{9CA18B5D-3EBF-49BB-A3EC-6C0C8CC465D9}.Debug|Any CPU.ActiveCfg = Debug|Any CPU
		{9CA18B5D-3EBF-49BB-A3EC-6C0C8CC465D9}.Debug|Any CPU.Build.0 = Debug|Any CPU
		{9CA18B5D-3EBF-49BB-A3EC-6C0C8CC465D9}.Release|Any CPU.ActiveCfg = Release|Any CPU
		{9CA18B5D-3EBF-49BB-A3EC-6C0C8CC465D9}.Release|Any CPU.Build.0 = Release|Any CPU
	EndGlobalSection
EndGlobal
